tools:
  structlog:
    repository: https://github.com/hynek/structlog.git
    version: 26.1.0
    commit: 468fb162cc5369d25306cc0014d8baa66e682ec2
    license: MIT_OR_APACHE_2_0
    adoption: required_harness_runtime_logging
  hyperresearch:
    repository: https://github.com/jordan-gibbs/hyperresearch.git
    version: v0.9.1
    tag_object: 1af2f89bf19dd677fa0be0a1b2f83c939ec1d502
    commit: 183443aefec8d0444f4b53095cee17bf77ad5fb2
    executor: claude_only
    adoption: active
  mlflow:
    repository: https://github.com/mlflow/mlflow.git
    version: 3.14.0
    commit: 86cd7f5a1dc25a1387ad07c87811bbc30f62951c
    adoption: active
  obsidian_mind:
    repository: https://github.com/breferrari/obsidian-mind.git
    version: v7.0.0
    commit: dde3710fcdc71fcc10578e4a58cbc3014211ddbb
    adoption: active_memory_layer
  open_websearch:
    repository: https://github.com/Aas-ee/open-webSearch.git
    version: 2.1.11
    commit: 3094fa558fce35a8373e45ed5a6c43362e206906
    adoption: claude_stdio_search
  context7:
    repository: https://github.com/upstash/context7.git
    version: 3.2.5
    commit: b250c2515694eee4b6df4db82fa056df9ed3e306
    endpoint: https://mcp.context7.com/mcp
    adoption: remote_documentation_mcp
  loop_engineering:
    repository: https://github.com/cobusgreyling/loop-engineering.git
    version: v1.6.0
    commit: 548ad72faca686766c23fcb88b3bccf643bd3b2d
    adoption: pilot_complete_not_adopted
  open_code_review:
    repository: https://github.com/alibaba/open-code-review.git
    version: v1.7.17
    tag_object: b2038ceaa6ee7c676b91c6e6371a36c9cddd3e14
    commit: 0ced7165718725e15223c3e5a506df7b7e9de51f
    adoption: pilot_complete_not_adopted
  open_deep_research:
    repository: https://github.com/langchain-ai/open_deep_research.git
    commit: d337ae32ed4ff8f4c6fbe192ba3bf1b2d6610799
    adoption: retired_archive
  pplx_cli:
    repository: https://github.com/xerexcoded/pplx-cli.git
    adoption: not_adopted
  experience_brain:
    adoption: retired_archive
  agentmemory:
    adoption: retired
  orchestra_research_skills:
    repository: https://github.com/Orchestra-Research/AI-research-SKILLs.git
    version: v1.7.2
    commit: 773a52944ba4747a18bd4ae9ade53fff041adcbc
    license: MIT
    license_path: LICENSE
    license_blob: 943d5753a5f02f9ef352ff8a1706f167004d6e6d
    adoption: selected_project_adaptations
    selected_skills:
      - upstream_name: ara-research-manager
        source_path: 22-agent-native-research-artifact/research-manager
        source_blob: 09f056055bc85d39c45ac43924a4ae57efede868
        license: MIT
        adaptation: myIS post-task provenance capsule with immutable artifact and MLflow receipt bindings
        project_path: .agents/skills/myis-record-research-session
      - upstream_name: ara-rigor-reviewer
        source_path: 22-agent-native-research-artifact/rigor-reviewer
        source_blob: 0696bec51fe73c21b0b766049c286a4144fc99c6
        license: MIT
        adaptation: myIS governance-aware semantic review for plans, run bundles, split integrity, and DAPFAM claims
        project_path: .agents/skills/myis-review-research-rigor
  skillopt:
    repository: https://github.com/microsoft/SkillOpt.git
    version: v0.2.0
    tag_object: 51d0a4d96e88558c84dee637f98e24e3fb2d1547
    tag_signature: unsigned
    peeled_commit: e4ea6a6771e797ef820cdd8bfea64c57e0481065
    tree: 5a603e937a20f1078059f94039a50028c022487a
    parents: [5487e2c426db8b75a0e8e2714641542325d55f9e]
    source_path: .
    source_blob: https://github.com/microsoft/SkillOpt/tree/e4ea6a6771e797ef820cdd8bfea64c57e0481065
    license: MIT
    adaptation: benchmark baseline only; no vendored source, model-weight optimization, or autonomous installation
    adoption: harnessopt_baseline
  skillopt_lite:
    repository: https://github.com/EvolvingLMMs-Lab/SkillOpt-Lite.git
    version: untagged_upstream_snapshot
    commit: 4cb4eeef1f95375a9179737ab94cf5e64b9647c6
    tree: 6e2cf3d17f251312412f4393cd60254dfd046a4a
    parents: [32708a1349105b59183afb1b417385aa4e8812e0, 636791a4b5f949c10b4540512fd67f149a98eecc]
    commit_signature: verified_merge
    license: MIT
    adoption: required_matched_lite_arm
  harnessopt_typed_overlay:
    implementation: myis-research deterministic kernel
    base_engine: skillopt
    base_engine_commit: e4ea6a6771e797ef820cdd8bfea64c57e0481065
    contract: same_full_skillopt_core_plus_max_12_allowlisted_scalar_or_enum_c1_overlay_values
    adoption: required_a3_treatment
